
Microsoft Visual Studio Solution File, Format Version 12.00
# Visual Studio Version 17
VisualStudioVersion = 17.13.36105.23
MinimumVisualStudioVersion = 10.0.40219.1
Project("{FAE04EC0-301F-11D3-BF4B-00C04F79EFBC}") = "LLSFramework.Core", "src\LLSFramework.Core\LLSFramework.Core.csproj", "{4E94290B-0080-B880-9A2F-B936969DB3F9}"
EndProject
Project("{2150E333-8FDC-42A3-9474-1A3956D46DE8}") = "src", "src", "{02EA681E-C7D8-13C7-8484-4AC65E1B71E8}"
EndProject
Project("{2150E333-8FDC-42A3-9474-1A3956D46DE8}") = "tests", "tests", "{873E874C-1ADA-426A-9EFB-8BB2336FE1FF}"
EndProject
Project("{FAE04EC0-301F-11D3-BF4B-00C04F79EFBC}") = "LLSFramework.Core.UnitTests", "tests\LLSFramework.Core.UnitTests\LLSFramework.Core.UnitTests.csproj", "{F164123E-FA1C-41DF-AA62-6F4138E31EB4}"
EndProject
Global
	GlobalSection(SolutionConfigurationPlatforms) = preSolution
		Debug|Any CPU = Debug|Any CPU
		Release|Any CPU = Release|Any CPU
	EndGlobalSection
	GlobalSection(ProjectConfigurationPlatforms) = postSolution
		{4E94290B-0080-B880-9A2F-B936969DB3F9}.Debug|Any CPU.ActiveCfg = Debug|Any CPU
		{4E94290B-0080-B880-9A2F-B936969DB3F9}.Debug|Any CPU.Build.0 = Debug|Any CPU
		{4E94290B-0080-B880-9A2F-B936969DB3F9}.Release|Any CPU.ActiveCfg = Release|Any CPU
		{4E94290B-0080-B880-9A2F-B936969DB3F9}.Release|Any CPU.Build.0 = Release|Any CPU
		{F164123E-FA1C-41DF-AA62-6F4138E31EB4}.Debug|Any CPU.ActiveCfg = Debug|Any CPU
		{F164123E-FA1C-41DF-AA62-6F4138E31EB4}.Debug|Any CPU.Build.0 = Debug|Any CPU
		{F164123E-FA1C-41DF-AA62-6F4138E31EB4}.Release|Any CPU.ActiveCfg = Release|Any CPU
		{F164123E-FA1C-41DF-AA62-6F4138E31EB4}.Release|Any CPU.Build.0 = Release|Any CPU
	EndGlobalSection
	GlobalSection(SolutionProperties) = preSolution
		HideSolutionNode = FALSE
	EndGlobalSection
	GlobalSection(NestedProjects) = preSolution
		{4E94290B-0080-B880-9A2F-B936969DB3F9} = {02EA681E-C7D8-13C7-8484-4AC65E1B71E8}
		{F164123E-FA1C-41DF-AA62-6F4138E31EB4} = {873E874C-1ADA-426A-9EFB-8BB2336FE1FF}
	EndGlobalSection
	GlobalSection(ExtensibilityGlobals) = postSolution
		SolutionGuid = {AE8C43B0-75DA-4323-9D98-4C72B65D50C3}
	EndGlobalSection
EndGlobal
