
Microsoft Visual Studio Solution File, Format Version 12.00
# Visual Studio Version 17
VisualStudioVersion = 17.13.36105.23
MinimumVisualStudioVersion = 10.0.40219.1
Project("{2150E333-8FDC-42A3-9474-1A3956D46DE8}") = "src", "src", "{02EA681E-C7D8-13C7-8484-4AC65E1B71E8}"
EndProject
Project("{2150E333-8FDC-42A3-9474-1A3956D46DE8}") = "tests", "tests", "{873E874C-1ADA-426A-9EFB-8BB2336FE1FF}"
EndProject
Project("{2150E333-8FDC-42A3-9474-1A3956D46DE8}") = "Libraries", "Libraries", "{E24D339A-AAD9-496E-9146-BE43C8EB4805}"
EndProject
Project("{FAE04EC0-301F-11D3-BF4B-00C04F79EFBC}") = "LLSFramework.Core", "src\Libraries\LLSFramework.Core\LLSFramework.Core.csproj", "{9CCA82C0-B183-CF6F-652D-CFBD2128C6D7}"
EndProject
Project("{FAE04EC0-301F-11D3-BF4B-00C04F79EFBC}") = "LLSFramework.Application", "src\Libraries\LLSFramework.Application\LLSFramework.Application.csproj", "{2301EDDE-E29F-2F9A-60FC-82FDD1D2E9E2}"
EndProject
Project("{FAE04EC0-301F-11D3-BF4B-00C04F79EFBC}") = "LLSFramework.TabBlazor", "src\Libraries\LLSFramework.TabBlazor\LLSFramework.TabBlazor.csproj", "{75019339-60B8-EDFF-7A3B-7045A54FD409}"
EndProject
Project("{2150E333-8FDC-42A3-9474-1A3956D46DE8}") = "Libraries", "Libraries", "{69818AAA-9450-40D0-98BE-80D3828C1DA8}"
EndProject
Project("{FAE04EC0-301F-11D3-BF4B-00C04F79EFBC}") = "LLSFramework.Core.UnitTests", "tests\Libraries\LLSFramework.Core.UnitTests\LLSFramework.Core.UnitTests.csproj", "{997953A5-839B-A7E7-C13C-D87614CCEF56}"
EndProject
Global
	GlobalSection(SolutionConfigurationPlatforms) = preSolution
		Debug|Any CPU = Debug|Any CPU
		Release|Any CPU = Release|Any CPU
	EndGlobalSection
	GlobalSection(ProjectConfigurationPlatforms) = postSolution
		{9CCA82C0-B183-CF6F-652D-CFBD2128C6D7}.Debug|Any CPU.ActiveCfg = Debug|Any CPU
		{9CCA82C0-B183-CF6F-652D-CFBD2128C6D7}.Debug|Any CPU.Build.0 = Debug|Any CPU
		{9CCA82C0-B183-CF6F-652D-CFBD2128C6D7}.Release|Any CPU.ActiveCfg = Release|Any CPU
		{9CCA82C0-B183-CF6F-652D-CFBD2128C6D7}.Release|Any CPU.Build.0 = Release|Any CPU
		{2301EDDE-E29F-2F9A-60FC-82FDD1D2E9E2}.Debug|Any CPU.ActiveCfg = Debug|Any CPU
		{2301EDDE-E29F-2F9A-60FC-82FDD1D2E9E2}.Debug|Any CPU.Build.0 = Debug|Any CPU
		{2301EDDE-E29F-2F9A-60FC-82FDD1D2E9E2}.Release|Any CPU.ActiveCfg = Release|Any CPU
		{2301EDDE-E29F-2F9A-60FC-82FDD1D2E9E2}.Release|Any CPU.Build.0 = Release|Any CPU
		{75019339-60B8-EDFF-7A3B-7045A54FD409}.Debug|Any CPU.ActiveCfg = Debug|Any CPU
		{75019339-60B8-EDFF-7A3B-7045A54FD409}.Debug|Any CPU.Build.0 = Debug|Any CPU
		{75019339-60B8-EDFF-7A3B-7045A54FD409}.Release|Any CPU.ActiveCfg = Release|Any CPU
		{75019339-60B8-EDFF-7A3B-7045A54FD409}.Release|Any CPU.Build.0 = Release|Any CPU
		{997953A5-839B-A7E7-C13C-D87614CCEF56}.Debug|Any CPU.ActiveCfg = Debug|Any CPU
		{997953A5-839B-A7E7-C13C-D87614CCEF56}.Debug|Any CPU.Build.0 = Debug|Any CPU
		{997953A5-839B-A7E7-C13C-D87614CCEF56}.Release|Any CPU.ActiveCfg = Release|Any CPU
		{997953A5-839B-A7E7-C13C-D87614CCEF56}.Release|Any CPU.Build.0 = Release|Any CPU
	EndGlobalSection
	GlobalSection(SolutionProperties) = preSolution
		HideSolutionNode = FALSE
	EndGlobalSection
	GlobalSection(NestedProjects) = preSolution
		{E24D339A-AAD9-496E-9146-BE43C8EB4805} = {02EA681E-C7D8-13C7-8484-4AC65E1B71E8}
		{9CCA82C0-B183-CF6F-652D-CFBD2128C6D7} = {E24D339A-AAD9-496E-9146-BE43C8EB4805}
		{2301EDDE-E29F-2F9A-60FC-82FDD1D2E9E2} = {E24D339A-AAD9-496E-9146-BE43C8EB4805}
		{75019339-60B8-EDFF-7A3B-7045A54FD409} = {E24D339A-AAD9-496E-9146-BE43C8EB4805}
		{69818AAA-9450-40D0-98BE-80D3828C1DA8} = {873E874C-1ADA-426A-9EFB-8BB2336FE1FF}
		{997953A5-839B-A7E7-C13C-D87614CCEF56} = {69818AAA-9450-40D0-98BE-80D3828C1DA8}
	EndGlobalSection
	GlobalSection(ExtensibilityGlobals) = postSolution
		SolutionGuid = {AE8C43B0-75DA-4323-9D98-4C72B65D50C3}
	EndGlobalSection
EndGlobal
