
Microsoft Visual Studio Solution File, Format Version 12.00
# Visual Studio Version 17
VisualStudioVersion = 17.13.36105.23
MinimumVisualStudioVersion = 10.0.40219.1
Project("{FAE04EC0-301F-11D3-BF4B-00C04F79EFBC}") = "LLSFramework.Core", "LLSFramework.Core\LLSFramework.Core.csproj", "{9CB77EA1-4A8E-4954-A689-13F414E29858}"
EndProject
Global
	GlobalSection(SolutionConfigurationPlatforms) = preSolution
		Debug|Any CPU = Debug|Any CPU
		Release|Any CPU = Release|Any CPU
	EndGlobalSection
	GlobalSection(ProjectConfigurationPlatforms) = postSolution
		{9CB77EA1-4A8E-4954-A689-13F414E29858}.Debug|Any CPU.ActiveCfg = Debug|Any CPU
		{9CB77EA1-4A8E-4954-A689-13F414E29858}.Debug|Any CPU.Build.0 = Debug|Any CPU
		{9CB77EA1-4A8E-4954-A689-13F414E29858}.Release|Any CPU.ActiveCfg = Release|Any CPU
		{9CB77EA1-4A8E-4954-A689-13F414E29858}.Release|Any CPU.Build.0 = Release|Any CPU
	EndGlobalSection
	GlobalSection(SolutionProperties) = preSolution
		HideSolutionNode = FALSE
	EndGlobalSection
	GlobalSection(ExtensibilityGlobals) = postSolution
		SolutionGuid = {AE8C43B0-75DA-4323-9D98-4C72B65D50C3}
	EndGlobalSection
EndGlobal
